
Microsoft Visual Studio Solution File, Format Version 12.00
# Visual Studio Version 16
VisualStudioVersion = 16.0.31729.503
MinimumVisualStudioVersion = 10.0.40219.1
Project("{FAE04EC0-301F-11D3-BF4B-00C04F79EFBC}") = "Kaikkitehtavat", "Kaikkitehtavat\Kaikkitehtavat.csproj", "{E1696549-6FF8-408F-89A4-5A654CA2817E}"
EndProject
Project("{FAE04EC0-301F-11D3-BF4B-00C04F79EFBC}") = "Exercise1AB", "Exercise1AB\Exercise1AB.csproj", "{1AD9FF4F-5BA5-4A91-9A96-689A71FE237D}"
EndProject
Project("{FAE04EC0-301F-11D3-BF4B-00C04F79EFBC}") = "Exercise1C", "Exercise1C\Exercise1C.csproj", "{15D902BE-8EBE-4D89-AF75-8CDAF8D34A30}"
EndProject
Project("{FAE04EC0-301F-11D3-BF4B-00C04F79EFBC}") = "Exercise1D", "Exercise1D\Exercise1D.csproj", "{D4E06E91-00BB-4504-AA25-7CB5D74F681C}"
EndProject
Global
	GlobalSection(SolutionConfigurationPlatforms) = preSolution
		Debug|Any CPU = Debug|Any CPU
		Release|Any CPU = Release|Any CPU
	EndGlobalSection
	GlobalSection(ProjectConfigurationPlatforms) = postSolution
		{E1696549-6FF8-408F-89A4-5A654CA2817E}.Debug|Any CPU.ActiveCfg = Debug|Any CPU
		{E1696549-6FF8-408F-89A4-5A654CA2817E}.Debug|Any CPU.Build.0 = Debug|Any CPU
		{E1696549-6FF8-408F-89A4-5A654CA2817E}.Release|Any CPU.ActiveCfg = Release|Any CPU
		{E1696549-6FF8-408F-89A4-5A654CA2817E}.Release|Any CPU.Build.0 = Release|Any CPU
		{1AD9FF4F-5BA5-4A91-9A96-689A71FE237D}.Debug|Any CPU.ActiveCfg = Debug|Any CPU
		{1AD9FF4F-5BA5-4A91-9A96-689A71FE237D}.Debug|Any CPU.Build.0 = Debug|Any CPU
		{1AD9FF4F-5BA5-4A91-9A96-689A71FE237D}.Release|Any CPU.ActiveCfg = Release|Any CPU
		{1AD9FF4F-5BA5-4A91-9A96-689A71FE237D}.Release|Any CPU.Build.0 = Release|Any CPU
		{15D902BE-8EBE-4D89-AF75-8CDAF8D34A30}.Debug|Any CPU.ActiveCfg = Debug|Any CPU
		{15D902BE-8EBE-4D89-AF75-8CDAF8D34A30}.Debug|Any CPU.Build.0 = Debug|Any CPU
		{15D902BE-8EBE-4D89-AF75-8CDAF8D34A30}.Release|Any CPU.ActiveCfg = Release|Any CPU
		{15D902BE-8EBE-4D89-AF75-8CDAF8D34A30}.Release|Any CPU.Build.0 = Release|Any CPU
		{D4E06E91-00BB-4504-AA25-7CB5D74F681C}.Debug|Any CPU.ActiveCfg = Debug|Any CPU
		{D4E06E91-00BB-4504-AA25-7CB5D74F681C}.Debug|Any CPU.Build.0 = Debug|Any CPU
		{D4E06E91-00BB-4504-AA25-7CB5D74F681C}.Release|Any CPU.ActiveCfg = Release|Any CPU
		{D4E06E91-00BB-4504-AA25-7CB5D74F681C}.Release|Any CPU.Build.0 = Release|Any CPU
	EndGlobalSection
	GlobalSection(SolutionProperties) = preSolution
		HideSolutionNode = FALSE
	EndGlobalSection
	GlobalSection(ExtensibilityGlobals) = postSolution
		SolutionGuid = {9FDA2EE7-EF6D-4DA9-BFD8-0B5BC2509893}
	EndGlobalSection
EndGlobal
