
Microsoft Visual Studio Solution File, Format Version 12.00
# Visual Studio Version 16
VisualStudioVersion = 16.0.31729.503
MinimumVisualStudioVersion = 10.0.40219.1
Project("{FAE04EC0-301F-11D3-BF4B-00C04F79EFBC}") = "Exercise1C", "Exercise1C\Exercise1C.csproj", "{B4AA448F-D692-458E-9D8D-D549569D962A}"
EndProject
Global
	GlobalSection(SolutionConfigurationPlatforms) = preSolution
		Debug|Any CPU = Debug|Any CPU
		Release|Any CPU = Release|Any CPU
	EndGlobalSection
	GlobalSection(ProjectConfigurationPlatforms) = postSolution
		{B4AA448F-D692-458E-9D8D-D549569D962A}.Debug|Any CPU.ActiveCfg = Debug|Any CPU
		{B4AA448F-D692-458E-9D8D-D549569D962A}.Debug|Any CPU.Build.0 = Debug|Any CPU
		{B4AA448F-D692-458E-9D8D-D549569D962A}.Release|Any CPU.ActiveCfg = Release|Any CPU
		{B4AA448F-D692-458E-9D8D-D549569D962A}.Release|Any CPU.Build.0 = Release|Any CPU
	EndGlobalSection
	GlobalSection(SolutionProperties) = preSolution
		HideSolutionNode = FALSE
	EndGlobalSection
	GlobalSection(ExtensibilityGlobals) = postSolution
		SolutionGuid = {A6CCBD27-5F49-4F66-A5CD-11D238807CB1}
	EndGlobalSection
EndGlobal
